
Microsoft Visual Studio Solution File, Format Version 12.00
# Visual Studio 2012
Project("{FAE04EC0-301F-11D3-BF4B-00C04F79EFBC}") = "dotLife", "dotLife\dotLife.csproj", "{7B6910D6-68FD-4A43-968D-E9E40BD9A2EC}"
EndProject
Global
	GlobalSection(SolutionConfigurationPlatforms) = preSolution
		Debug|x86 = Debug|x86
		Release|x86 = Release|x86
	EndGlobalSection
	GlobalSection(ProjectConfigurationPlatforms) = postSolution
		{7B6910D6-68FD-4A43-968D-E9E40BD9A2EC}.Debug|x86.ActiveCfg = Debug|x86
		{7B6910D6-68FD-4A43-968D-E9E40BD9A2EC}.Debug|x86.Build.0 = Debug|x86
		{7B6910D6-68FD-4A43-968D-E9E40BD9A2EC}.Release|x86.ActiveCfg = Release|x86
		{7B6910D6-68FD-4A43-968D-E9E40BD9A2EC}.Release|x86.Build.0 = Release|x86
	EndGlobalSection
EndGlobal
